
Microsoft Visual Studio Solution File, Format Version 10.00
# Visual Studio 2008
Project("{FAE04EC0-301F-11D3-BF4B-00C04F79EFBC}") = "Xpress03form", "Xpress03form\Xpress03form.csproj", "{86AE40F4-0DCC-437E-9258-3EB69B5607C4}"
EndProject
Project("{54435603-DBB4-11D2-8724-00A0C9A8B90C}") = "tBitsTrackPlugin", "Xpress03formSetup\Xpress03formSetup.vdproj", "{55A8C931-97B3-4F23-8448-9DB30CA9A24F}"
EndProject
Global
	GlobalSection(SolutionConfigurationPlatforms) = preSolution
		Debug|Any CPU = Debug|Any CPU
		Release|Any CPU = Release|Any CPU
	EndGlobalSection
	GlobalSection(ProjectConfigurationPlatforms) = postSolution
		{86AE40F4-0DCC-437E-9258-3EB69B5607C4}.Debug|Any CPU.ActiveCfg = Debug|Any CPU
		{86AE40F4-0DCC-437E-9258-3EB69B5607C4}.Debug|Any CPU.Build.0 = Debug|Any CPU
		{86AE40F4-0DCC-437E-9258-3EB69B5607C4}.Release|Any CPU.ActiveCfg = Release|Any CPU
		{86AE40F4-0DCC-437E-9258-3EB69B5607C4}.Release|Any CPU.Build.0 = Release|Any CPU
		{55A8C931-97B3-4F23-8448-9DB30CA9A24F}.Debug|Any CPU.ActiveCfg = Debug
		{55A8C931-97B3-4F23-8448-9DB30CA9A24F}.Debug|Any CPU.Build.0 = Debug
		{55A8C931-97B3-4F23-8448-9DB30CA9A24F}.Release|Any CPU.ActiveCfg = Release
		{55A8C931-97B3-4F23-8448-9DB30CA9A24F}.Release|Any CPU.Build.0 = Release
	EndGlobalSection
	GlobalSection(SolutionProperties) = preSolution
		HideSolutionNode = FALSE
	EndGlobalSection
EndGlobal
