
Microsoft Visual Studio Solution File, Format Version 9.00
# Visual Studio 2005
Project("{FAE04EC0-301F-11D3-BF4B-00C04F79EFBC}") = "tBitsOutlookPlugin", "tBitsOutlookPlugin\tBitsOutlookPlugin.csproj", "{C693C2BD-18BF-46E0-B3F6-27F84F4712C9}"
EndProject
Project("{54435603-DBB4-11D2-8724-00A0C9A8B90C}") = "tBitsOutlookPluginSetup", "tBitsOutlookPluginSetup\tBitsOutlookPluginSetup", "{71E959F7-6B89-4F4A-89DB-3867252246B3}"
EndProject
Global
	GlobalSection(SolutionConfigurationPlatforms) = preSolution
		Debug|Any CPU = Debug|Any CPU
		Release|Any CPU = Release|Any CPU
	EndGlobalSection
	GlobalSection(ProjectConfigurationPlatforms) = postSolution
		{C693C2BD-18BF-46E0-B3F6-27F84F4712C9}.Debug|Any CPU.ActiveCfg = Debug|Any CPU
		{C693C2BD-18BF-46E0-B3F6-27F84F4712C9}.Debug|Any CPU.Build.0 = Debug|Any CPU
		{C693C2BD-18BF-46E0-B3F6-27F84F4712C9}.Release|Any CPU.ActiveCfg = Release|Any CPU
		{C693C2BD-18BF-46E0-B3F6-27F84F4712C9}.Release|Any CPU.Build.0 = Release|Any CPU
		{71E959F7-6B89-4F4A-89DB-3867252246B3}.Debug|Any CPU.ActiveCfg = Debug
		{71E959F7-6B89-4F4A-89DB-3867252246B3}.Release|Any CPU.ActiveCfg = Release
	EndGlobalSection
	GlobalSection(SolutionProperties) = preSolution
		HideSolutionNode = FALSE
	EndGlobalSection
EndGlobal
