Microsoft Visual Studio Solution File, Format Version 8.00
Project("{FAE04EC0-301F-11D3-BF4B-00C04F79EFBC}") = "SQLSchemaSplitter", "SQLSchemaSplitter.csproj", "{DCDE4D66-B7AA-4BD6-BD21-FCB00A196922}"
	ProjectSection(ProjectDependencies) = postProject
	EndProjectSection
EndProject
Global
	GlobalSection(SolutionConfiguration) = preSolution
		Debug = Debug
		Release = Release
	EndGlobalSection
	GlobalSection(ProjectConfiguration) = postSolution
		{DCDE4D66-B7AA-4BD6-BD21-FCB00A196922}.Debug.ActiveCfg = Debug|.NET
		{DCDE4D66-B7AA-4BD6-BD21-FCB00A196922}.Debug.Build.0 = Debug|.NET
		{DCDE4D66-B7AA-4BD6-BD21-FCB00A196922}.Release.ActiveCfg = Release|.NET
		{DCDE4D66-B7AA-4BD6-BD21-FCB00A196922}.Release.Build.0 = Release|.NET
	EndGlobalSection
	GlobalSection(ExtensibilityGlobals) = postSolution
	EndGlobalSection
	GlobalSection(ExtensibilityAddIns) = postSolution
	EndGlobalSection
EndGlobal
